
Microsoft Visual Studio Solution File, Format Version 12.00
# Visual Studio 15
VisualStudioVersion = 15.0.27004.2008
MinimumVisualStudioVersion = 10.0.40219.1
Project("{FAE04EC0-301F-11D3-BF4B-00C04F79EFBC}") = "Common", "Common\Common.csproj", "{6E2CA4FB-EEA1-49FA-88EF-9BD22160421B}"
EndProject
Project("{FAE04EC0-301F-11D3-BF4B-00C04F79EFBC}") = "Client", "Client\Client.csproj", "{A4934FAB-A9A8-4679-B94D-D90E8395992E}"
EndProject
Project("{FAE04EC0-301F-11D3-BF4B-00C04F79EFBC}") = "Service", "Service\Service.csproj", "{BD7B1A90-9C5B-4C21-8887-0C98A1E7684B}"
EndProject
Global
	GlobalSection(SolutionConfigurationPlatforms) = preSolution
		Debug|Any CPU = Debug|Any CPU
		Release|Any CPU = Release|Any CPU
	EndGlobalSection
	GlobalSection(ProjectConfigurationPlatforms) = postSolution
		{6E2CA4FB-EEA1-49FA-88EF-9BD22160421B}.Debug|Any CPU.ActiveCfg = Debug|Any CPU
		{6E2CA4FB-EEA1-49FA-88EF-9BD22160421B}.Debug|Any CPU.Build.0 = Debug|Any CPU
		{6E2CA4FB-EEA1-49FA-88EF-9BD22160421B}.Release|Any CPU.ActiveCfg = Release|Any CPU
		{6E2CA4FB-EEA1-49FA-88EF-9BD22160421B}.Release|Any CPU.Build.0 = Release|Any CPU
		{A4934FAB-A9A8-4679-B94D-D90E8395992E}.Debug|Any CPU.ActiveCfg = Debug|Any CPU
		{A4934FAB-A9A8-4679-B94D-D90E8395992E}.Debug|Any CPU.Build.0 = Debug|Any CPU
		{A4934FAB-A9A8-4679-B94D-D90E8395992E}.Release|Any CPU.ActiveCfg = Release|Any CPU
		{A4934FAB-A9A8-4679-B94D-D90E8395992E}.Release|Any CPU.Build.0 = Release|Any CPU
		{BD7B1A90-9C5B-4C21-8887-0C98A1E7684B}.Debug|Any CPU.ActiveCfg = Debug|Any CPU
		{BD7B1A90-9C5B-4C21-8887-0C98A1E7684B}.Debug|Any CPU.Build.0 = Debug|Any CPU
		{BD7B1A90-9C5B-4C21-8887-0C98A1E7684B}.Release|Any CPU.ActiveCfg = Release|Any CPU
		{BD7B1A90-9C5B-4C21-8887-0C98A1E7684B}.Release|Any CPU.Build.0 = Release|Any CPU
	EndGlobalSection
	GlobalSection(SolutionProperties) = preSolution
		HideSolutionNode = FALSE
	EndGlobalSection
	GlobalSection(ExtensibilityGlobals) = postSolution
		SolutionGuid = {50F0B032-2880-405E-81BA-674EC2B3D084}
	EndGlobalSection
EndGlobal
